
Microsoft Visual Studio Solution File, Format Version 12.00
# Visual Studio Version 16
VisualStudioVersion = 16.0.31727.386
MinimumVisualStudioVersion = 10.0.40219.1
Project("{FAE04EC0-301F-11D3-BF4B-00C04F79EFBC}") = "laba4", "laba4\laba4.csproj", "{3306C209-29C5-4C07-911A-2DCC21DD0B78}"
EndProject
Global
	GlobalSection(SolutionConfigurationPlatforms) = preSolution
		Debug|Any CPU = Debug|Any CPU
		Release|Any CPU = Release|Any CPU
	EndGlobalSection
	GlobalSection(ProjectConfigurationPlatforms) = postSolution
		{3306C209-29C5-4C07-911A-2DCC21DD0B78}.Debug|Any CPU.ActiveCfg = Debug|Any CPU
		{3306C209-29C5-4C07-911A-2DCC21DD0B78}.Debug|Any CPU.Build.0 = Debug|Any CPU
		{3306C209-29C5-4C07-911A-2DCC21DD0B78}.Release|Any CPU.ActiveCfg = Release|Any CPU
		{3306C209-29C5-4C07-911A-2DCC21DD0B78}.Release|Any CPU.Build.0 = Release|Any CPU
	EndGlobalSection
	GlobalSection(SolutionProperties) = preSolution
		HideSolutionNode = FALSE
	EndGlobalSection
	GlobalSection(ExtensibilityGlobals) = postSolution
		SolutionGuid = {ACD8B6DB-7FE4-4DC4-A103-D09763AC2753}
	EndGlobalSection
EndGlobal
